
Microsoft Visual Studio Solution File, Format Version 12.00
# Visual Studio 15
VisualStudioVersion = 15.0.28307.168
MinimumVisualStudioVersion = 10.0.40219.1
Project("{9A19103F-16F7-4668-BE54-9A1E7A4F7556}") = "Lab03WordGuessGame", "Lab03WordGuessGame\Lab03WordGuessGame.csproj", "{565F6CAA-A950-4F9A-8603-3FAA4E0455F2}"
EndProject
Project("{FAE04EC0-301F-11D3-BF4B-00C04F79EFBC}") = "Lab03WordGuessGameTDD", "Lab03WordGuessGameTDD\Lab03WordGuessGameTDD.csproj", "{5A17137E-CBA2-4C3C-A0CC-3BF478D15645}"
EndProject
Global
	GlobalSection(SolutionConfigurationPlatforms) = preSolution
		Debug|Any CPU = Debug|Any CPU
		Release|Any CPU = Release|Any CPU
	EndGlobalSection
	GlobalSection(ProjectConfigurationPlatforms) = postSolution
		{565F6CAA-A950-4F9A-8603-3FAA4E0455F2}.Debug|Any CPU.ActiveCfg = Debug|Any CPU
		{565F6CAA-A950-4F9A-8603-3FAA4E0455F2}.Debug|Any CPU.Build.0 = Debug|Any CPU
		{565F6CAA-A950-4F9A-8603-3FAA4E0455F2}.Release|Any CPU.ActiveCfg = Release|Any CPU
		{565F6CAA-A950-4F9A-8603-3FAA4E0455F2}.Release|Any CPU.Build.0 = Release|Any CPU
		{5A17137E-CBA2-4C3C-A0CC-3BF478D15645}.Debug|Any CPU.ActiveCfg = Debug|Any CPU
		{5A17137E-CBA2-4C3C-A0CC-3BF478D15645}.Debug|Any CPU.Build.0 = Debug|Any CPU
		{5A17137E-CBA2-4C3C-A0CC-3BF478D15645}.Release|Any CPU.ActiveCfg = Release|Any CPU
		{5A17137E-CBA2-4C3C-A0CC-3BF478D15645}.Release|Any CPU.Build.0 = Release|Any CPU
	EndGlobalSection
	GlobalSection(SolutionProperties) = preSolution
		HideSolutionNode = FALSE
	EndGlobalSection
	GlobalSection(ExtensibilityGlobals) = postSolution
		SolutionGuid = {15640ACE-CB61-41D2-ADAC-11AAD36820D7}
	EndGlobalSection
EndGlobal
